
Microsoft Visual Studio Solution File, Format Version 12.00
# Visual Studio Version 16
VisualStudioVersion = 16.0.31729.503
MinimumVisualStudioVersion = 10.0.40219.1
Project("{FAE04EC0-301F-11D3-BF4B-00C04F79EFBC}") = "MagicVilla_API", "MagicVilla_API.csproj", "{ECD9F1C9-4C13-464A-89C1-92072B76FEC6}"
EndProject
Global
	GlobalSection(SolutionConfigurationPlatforms) = preSolution
		Debug|Any CPU = Debug|Any CPU
		Release|Any CPU = Release|Any CPU
	EndGlobalSection
	GlobalSection(ProjectConfigurationPlatforms) = postSolution
		{ECD9F1C9-4C13-464A-89C1-92072B76FEC6}.Debug|Any CPU.ActiveCfg = Debug|Any CPU
		{ECD9F1C9-4C13-464A-89C1-92072B76FEC6}.Debug|Any CPU.Build.0 = Debug|Any CPU
		{ECD9F1C9-4C13-464A-89C1-92072B76FEC6}.Release|Any CPU.ActiveCfg = Release|Any CPU
		{ECD9F1C9-4C13-464A-89C1-92072B76FEC6}.Release|Any CPU.Build.0 = Release|Any CPU
	EndGlobalSection
	GlobalSection(SolutionProperties) = preSolution
		HideSolutionNode = FALSE
	EndGlobalSection
	GlobalSection(ExtensibilityGlobals) = postSolution
		SolutionGuid = {43FA4E49-3669-4565-B67C-BCE63554474B}
	EndGlobalSection
EndGlobal
